
Microsoft Visual Studio Solution File, Format Version 12.00
# Visual Studio Version 16
VisualStudioVersion = 16.0.30621.155
MinimumVisualStudioVersion = 10.0.40219.1
Project("{FAE04EC0-301F-11D3-BF4B-00C04F79EFBC}") = "Chess", "Chess\Chess.csproj", "{A586E57A-9B0D-4132-BED6-CDCF4AE3DA96}"
EndProject
Project("{FAE04EC0-301F-11D3-BF4B-00C04F79EFBC}") = "ChessBoard", "ChessBoard\ChessBoard.csproj", "{BF70334E-805D-49CA-AF81-9428B25E525C}"
EndProject
Global
	GlobalSection(SolutionConfigurationPlatforms) = preSolution
		Debug|Any CPU = Debug|Any CPU
		Release|Any CPU = Release|Any CPU
	EndGlobalSection
	GlobalSection(ProjectConfigurationPlatforms) = postSolution
		{A586E57A-9B0D-4132-BED6-CDCF4AE3DA96}.Debug|Any CPU.ActiveCfg = Debug|Any CPU
		{A586E57A-9B0D-4132-BED6-CDCF4AE3DA96}.Debug|Any CPU.Build.0 = Debug|Any CPU
		{A586E57A-9B0D-4132-BED6-CDCF4AE3DA96}.Release|Any CPU.ActiveCfg = Release|Any CPU
		{A586E57A-9B0D-4132-BED6-CDCF4AE3DA96}.Release|Any CPU.Build.0 = Release|Any CPU
		{BF70334E-805D-49CA-AF81-9428B25E525C}.Debug|Any CPU.ActiveCfg = Debug|Any CPU
		{BF70334E-805D-49CA-AF81-9428B25E525C}.Debug|Any CPU.Build.0 = Debug|Any CPU
		{BF70334E-805D-49CA-AF81-9428B25E525C}.Release|Any CPU.ActiveCfg = Release|Any CPU
		{BF70334E-805D-49CA-AF81-9428B25E525C}.Release|Any CPU.Build.0 = Release|Any CPU
	EndGlobalSection
	GlobalSection(SolutionProperties) = preSolution
		HideSolutionNode = FALSE
	EndGlobalSection
	GlobalSection(ExtensibilityGlobals) = postSolution
		SolutionGuid = {94E2CDE0-6B60-4295-B8BC-989F6B2FD360}
	EndGlobalSection
EndGlobal
